
Microsoft Visual Studio Solution File, Format Version 12.00
# Visual Studio 14
VisualStudioVersion = 14.0.24720.0
MinimumVisualStudioVersion = 10.0.40219.1
Project("{FAE04EC0-301F-11D3-BF4B-00C04F79EFBC}") = "CoverageInvestigation", "CoverageInvestigation\CoverageInvestigation.csproj", "{8F5F3752-CAE4-4AAC-AAC1-8761F45F9726}"
EndProject
Project("{FAE04EC0-301F-11D3-BF4B-00C04F79EFBC}") = "CoverageInvestigation.Test", "CoverageInvestigation.Test\CoverageInvestigation.Test.csproj", "{BF52ACC1-FDD5-4F3A-BD51-B345AA485074}"
EndProject
Global
	GlobalSection(SolutionConfigurationPlatforms) = preSolution
		Debug|Any CPU = Debug|Any CPU
		Release|Any CPU = Release|Any CPU
	EndGlobalSection
	GlobalSection(ProjectConfigurationPlatforms) = postSolution
		{8F5F3752-CAE4-4AAC-AAC1-8761F45F9726}.Debug|Any CPU.ActiveCfg = Debug|Any CPU
		{8F5F3752-CAE4-4AAC-AAC1-8761F45F9726}.Debug|Any CPU.Build.0 = Debug|Any CPU
		{8F5F3752-CAE4-4AAC-AAC1-8761F45F9726}.Release|Any CPU.ActiveCfg = Release|Any CPU
		{8F5F3752-CAE4-4AAC-AAC1-8761F45F9726}.Release|Any CPU.Build.0 = Release|Any CPU
		{BF52ACC1-FDD5-4F3A-BD51-B345AA485074}.Debug|Any CPU.ActiveCfg = Debug|Any CPU
		{BF52ACC1-FDD5-4F3A-BD51-B345AA485074}.Debug|Any CPU.Build.0 = Debug|Any CPU
		{BF52ACC1-FDD5-4F3A-BD51-B345AA485074}.Release|Any CPU.ActiveCfg = Release|Any CPU
		{BF52ACC1-FDD5-4F3A-BD51-B345AA485074}.Release|Any CPU.Build.0 = Release|Any CPU
	EndGlobalSection
	GlobalSection(SolutionProperties) = preSolution
		HideSolutionNode = FALSE
	EndGlobalSection
EndGlobal
